
Microsoft Visual Studio Solution File, Format Version 12.00
# Visual Studio Version 17
VisualStudioVersion = 17.3.32901.215
MinimumVisualStudioVersion = 10.0.40219.1
Project("{FAE04EC0-301F-11D3-BF4B-00C04F79EFBC}") = "P6_3_1214066", "P6_3_1214066\P6_3_1214066.csproj", "{CFFAD61E-02F2-4C7C-8596-9BE8685D8B11}"
EndProject
Global
	GlobalSection(SolutionConfigurationPlatforms) = preSolution
		Debug|Any CPU = Debug|Any CPU
		Release|Any CPU = Release|Any CPU
	EndGlobalSection
	GlobalSection(ProjectConfigurationPlatforms) = postSolution
		{CFFAD61E-02F2-4C7C-8596-9BE8685D8B11}.Debug|Any CPU.ActiveCfg = Debug|Any CPU
		{CFFAD61E-02F2-4C7C-8596-9BE8685D8B11}.Debug|Any CPU.Build.0 = Debug|Any CPU
		{CFFAD61E-02F2-4C7C-8596-9BE8685D8B11}.Release|Any CPU.ActiveCfg = Release|Any CPU
		{CFFAD61E-02F2-4C7C-8596-9BE8685D8B11}.Release|Any CPU.Build.0 = Release|Any CPU
	EndGlobalSection
	GlobalSection(SolutionProperties) = preSolution
		HideSolutionNode = FALSE
	EndGlobalSection
	GlobalSection(ExtensibilityGlobals) = postSolution
		SolutionGuid = {91E8DA40-9EA1-4174-B301-6B9D434A982B}
	EndGlobalSection
EndGlobal
